// !$*UTF8*$!
{
	archiveVersion = 1;
	classes = {
	};
	objectVersion = 50;
	objects = {

/* Begin PBXBuildFile section */
		4332842B4FC62FDC7D7262D5 /* Pods_TestingSwiftLintTests.framework in Frameworks */ = {isa = PBXBuildFile; fileRef = D4FE32FBF5ACF5F01E3935A8 /* Pods_TestingSwiftLintTests.framework */; };
		63C1F85A2345E2A100D533C3 /* AppDelegate.swift in Sources */ = {isa = PBXBuildFile; fileRef = 63C1F8592345E2A100D533C3 /* AppDelegate.swift */; };
		63C1F85C2345E2A100D533C3 /* SceneDelegate.swift in Sources */ = {isa = PBXBuildFile; fileRef = 63C1F85B2345E2A100D533C3 /* SceneDelegate.swift */; };
		63C1F85E2345E2A100D533C3 /* ViewController.swift in Sources */ = {isa = PBXBuildFile; fileRef = 63C1F85D2345E2A100D533C3 /* ViewController.swift */; };
		63C1F8612345E2A100D533C3 /* Main.storyboard in Resources */ = {isa = PBXBuildFile; fileRef = 63C1F85F2345E2A100D533C3 /* Main.storyboard */; };
		63C1F8632345E2A300D533C3 /* Assets.xcassets in Resources */ = {isa = PBXBuildFile; fileRef = 63C1F8622345E2A300D533C3 /* Assets.xcassets */; };
		63C1F8662345E2A300D533C3 /* LaunchScreen.storyboard in Resources */ = {isa = PBXBuildFile; fileRef = 63C1F8642345E2A300D533C3 /* LaunchScreen.storyboard */; };
		63C1F8712345E2A300D533C3 /* TestingSwiftLintTests.swift in Sources */ = {isa = PBXBuildFile; fileRef = 63C1F8702345E2A300D533C3 /* TestingSwiftLintTests.swift */; };
		63C1F87C2345E2A300D533C3 /* TestingSwiftLintUITests.swift in Sources */ = {isa = PBXBuildFile; fileRef = 63C1F87B2345E2A300D533C3 /* TestingSwiftLintUITests.swift */; };
		89EAEA18955B6C17D382A179 /* Pods_TestingSwiftLint.framework in Frameworks */ = {isa = PBXBuildFile; fileRef = 5D01527A7BEF1FAC2C00533C /* Pods_TestingSwiftLint.framework */; };
		A53C049DE1580EEC44C79E1D /* Pods_TestingSwiftLintUITests.framework in Frameworks */ = {isa = PBXBuildFile; fileRef = 5A2F46F14908688BA71DC67D /* Pods_TestingSwiftLintUITests.framework */; };
/* End PBXBuildFile section */

/* Begin PBXContainerItemProxy section */
		63C1F86D2345E2A300D533C3 /* PBXContainerItemProxy */ = {
			isa = PBXContainerItemProxy;
			containerPortal = 63C1F84E2345E2A100D533C3 /* Project object */;
			proxyType = 1;
			remoteGlobalIDString = 63C1F8552345E2A100D533C3;
			remoteInfo = TestingSwiftLint;
		};
		63C1F8782345E2A300D533C3 /* PBXContainerItemProxy */ = {
			isa = PBXContainerItemProxy;
			containerPortal = 63C1F84E2345E2A100D533C3 /* Project object */;
			proxyType = 1;
			remoteGlobalIDString = 63C1F8552345E2A100D533C3;
			remoteInfo = TestingSwiftLint;
		};
/* End PBXContainerItemProxy section */

/* Begin PBXFileReference section */
		0458C375BA5DCC448E800DAB /* Pods-TestingSwiftLintTests.release.xcconfig */ = {isa = PBXFileReference; includeInIndex = 1; lastKnownFileType = text.xcconfig; name = "Pods-TestingSwiftLintTests.release.xcconfig"; path = "Target Support Files/Pods-TestingSwiftLintTests/Pods-TestingSwiftLintTests.release.xcconfig"; sourceTree = "<group>"; };
		085409E1FA15D95EEE5EF69E /* Pods-TestingSwiftLintUITests.debug.xcconfig */ = {isa = PBXFileReference; includeInIndex = 1; lastKnownFileType = text.xcconfig; name = "Pods-TestingSwiftLintUITests.debug.xcconfig"; path = "Target Support Files/Pods-TestingSwiftLintUITests/Pods-TestingSwiftLintUITests.debug.xcconfig"; sourceTree = "<group>"; };
		2B4901AA5AA8F75A2B849847 /* Pods-TestingSwiftLintUITests.release.xcconfig */ = {isa = PBXFileReference; includeInIndex = 1; lastKnownFileType = text.xcconfig; name = "Pods-TestingSwiftLintUITests.release.xcconfig"; path = "Target Support Files/Pods-TestingSwiftLintUITests/Pods-TestingSwiftLintUITests.release.xcconfig"; sourceTree = "<group>"; };
		5A2F46F14908688BA71DC67D /* Pods_TestingSwiftLintUITests.framework */ = {isa = PBXFileReference; explicitFileType = wrapper.framework; includeInIndex = 0; path = Pods_TestingSwiftLintUITests.framework; sourceTree = BUILT_PRODUCTS_DIR; };
		5D01527A7BEF1FAC2C00533C /* Pods_TestingSwiftLint.framework */ = {isa = PBXFileReference; explicitFileType = wrapper.framework; includeInIndex = 0; path = Pods_TestingSwiftLint.framework; sourceTree = BUILT_PRODUCTS_DIR; };
		63C1F8562345E2A100D533C3 /* TestingSwiftLint.app */ = {isa = PBXFileReference; explicitFileType = wrapper.application; includeInIndex = 0; path = TestingSwiftLint.app; sourceTree = BUILT_PRODUCTS_DIR; };
		63C1F8592345E2A100D533C3 /* AppDelegate.swift */ = {isa = PBXFileReference; lastKnownFileType = sourcecode.swift; path = AppDelegate.swift; sourceTree = "<group>"; };
		63C1F85B2345E2A100D533C3 /* SceneDelegate.swift */ = {isa = PBXFileReference; lastKnownFileType = sourcecode.swift; path = SceneDelegate.swift; sourceTree = "<group>"; };
		63C1F85D2345E2A100D533C3 /* ViewController.swift */ = {isa = PBXFileReference; lastKnownFileType = sourcecode.swift; path = ViewController.swift; sourceTree = "<group>"; };
		63C1F8602345E2A100D533C3 /* Base */ = {isa = PBXFileReference; lastKnownFileType = file.storyboard; name = Base; path = Base.lproj/Main.storyboard; sourceTree = "<group>"; };
		63C1F8622345E2A300D533C3 /* Assets.xcassets */ = {isa = PBXFileReference; lastKnownFileType = folder.assetcatalog; path = Assets.xcassets; sourceTree = "<group>"; };
		63C1F8652345E2A300D533C3 /* Base */ = {isa = PBXFileReference; lastKnownFileType = file.storyboard; name = Base; path = Base.lproj/LaunchScreen.storyboard; sourceTree = "<group>"; };
		63C1F8672345E2A300D533C3 /* Info.plist */ = {isa = PBXFileReference; lastKnownFileType = text.plist.xml; path = Info.plist; sourceTree = "<group>"; };
		63C1F86C2345E2A300D533C3 /* TestingSwiftLintTests.xctest */ = {isa = PBXFileReference; explicitFileType = wrapper.cfbundle; includeInIndex = 0; path = TestingSwiftLintTests.xctest; sourceTree = BUILT_PRODUCTS_DIR; };
		63C1F8702345E2A300D533C3 /* TestingSwiftLintTests.swift */ = {isa = PBXFileReference; lastKnownFileType = sourcecode.swift; path = TestingSwiftLintTests.swift; sourceTree = "<group>"; };
		63C1F8722345E2A300D533C3 /* Info.plist */ = {isa = PBXFileReference; lastKnownFileType = text.plist.xml; path = Info.plist; sourceTree = "<group>"; };
		63C1F8772345E2A300D533C3 /* TestingSwiftLintUITests.xctest */ = {isa = PBXFileReference; explicitFileType = wrapper.cfbundle; includeInIndex = 0; path = TestingSwiftLintUITests.xctest; sourceTree = BUILT_PRODUCTS_DIR; };
		63C1F87B2345E2A300D533C3 /* TestingSwiftLintUITests.swift */ = {isa = PBXFileReference; lastKnownFileType = sourcecode.swift; path = TestingSwiftLintUITests.swift; sourceTree = "<group>"; };
		63C1F87D2345E2A300D533C3 /* Info.plist */ = {isa = PBXFileReference; lastKnownFileType = text.plist.xml; path = Info.plist; sourceTree = "<group>"; };
		6AA4ECF01712E0E1519B2DC5 /* Pods-TestingSwiftLint.debug.xcconfig */ = {isa = PBXFileReference; includeInIndex = 1; lastKnownFileType = text.xcconfig; name = "Pods-TestingSwiftLint.debug.xcconfig"; path = "Target Support Files/Pods-TestingSwiftLint/Pods-TestingSwiftLint.debug.xcconfig"; sourceTree = "<group>"; };
		A89469A594A7CAE6103373B1 /* Pods-TestingSwiftLintTests.debug.xcconfig */ = {isa = PBXFileReference; includeInIndex = 1; lastKnownFileType = text.xcconfig; name = "Pods-TestingSwiftLintTests.debug.xcconfig"; path = "Target Support Files/Pods-TestingSwiftLintTests/Pods-TestingSwiftLintTests.debug.xcconfig"; sourceTree = "<group>"; };
		C627FB45A3FF04D2A63A9535 /* Pods-TestingSwiftLint.release.xcconfig */ = {isa = PBXFileReference; includeInIndex = 1; lastKnownFileType = text.xcconfig; name = "Pods-TestingSwiftLint.release.xcconfig"; path = "Target Support Files/Pods-TestingSwiftLint/Pods-TestingSwiftLint.release.xcconfig"; sourceTree = "<group>"; };
		D4FE32FBF5ACF5F01E3935A8 /* Pods_TestingSwiftLintTests.framework */ = {isa = PBXFileReference; explicitFileType = wrapper.framework; includeInIndex = 0; path = Pods_TestingSwiftLintTests.framework; sourceTree = BUILT_PRODUCTS_DIR; };
/* End PBXFileReference section */

/* Begin PBXFrameworksBuildPhase section */
		63C1F8532345E2A100D533C3 /* Frameworks */ = {
			isa = PBXFrameworksBuildPhase;
			buildActionMask = 2147483647;
			files = (
				89EAEA18955B6C17D382A179 /* Pods_TestingSwiftLint.framework in Frameworks */,
			);
			runOnlyForDeploymentPostprocessing = 0;
		};
		63C1F8692345E2A300D533C3 /* Frameworks */ = {
			isa = PBXFrameworksBuildPhase;
			buildActionMask = 2147483647;
			files = (
				4332842B4FC62FDC7D7262D5 /* Pods_TestingSwiftLintTests.framework in Frameworks */,
			);
			runOnlyForDeploymentPostprocessing = 0;
		};
		63C1F8742345E2A300D533C3 /* Frameworks */ = {
			isa = PBXFrameworksBuildPhase;
			buildActionMask = 2147483647;
			files = (
				A53C049DE1580EEC44C79E1D /* Pods_TestingSwiftLintUITests.framework in Frameworks */,
			);
			runOnlyForDeploymentPostprocessing = 0;
		};
/* End PBXFrameworksBuildPhase section */

/* Begin PBXGroup section */
		63C1F84D2345E2A100D533C3 = {
			isa = PBXGroup;
			children = (
				63C1F8582345E2A100D533C3 /* TestingSwiftLint */,
				63C1F86F2345E2A300D533C3 /* TestingSwiftLintTests */,
				63C1F87A2345E2A300D533C3 /* TestingSwiftLintUITests */,
				63C1F8572345E2A100D533C3 /* Products */,
				F2C3CC0459EC41CF8B3C9FC6 /* Pods */,
				64DDD3133A48D23DA470CE17 /* Frameworks */,
			);
			sourceTree = "<group>";
		};
		63C1F8572345E2A100D533C3 /* Products */ = {
			isa = PBXGroup;
			children = (
				63C1F8562345E2A100D533C3 /* TestingSwiftLint.app */,
				63C1F86C2345E2A300D533C3 /* TestingSwiftLintTests.xctest */,
				63C1F8772345E2A300D533C3 /* TestingSwiftLintUITests.xctest */,
			);
			name = Products;
			sourceTree = "<group>";
		};
		63C1F8582345E2A100D533C3 /* TestingSwiftLint */ = {
			isa = PBXGroup;
			children = (
				63C1F8592345E2A100D533C3 /* AppDelegate.swift */,
				63C1F85B2345E2A100D533C3 /* SceneDelegate.swift */,
				63C1F85D2345E2A100D533C3 /* ViewController.swift */,
				63C1F85F2345E2A100D533C3 /* Main.storyboard */,
				63C1F8622345E2A300D533C3 /* Assets.xcassets */,
				63C1F8642345E2A300D533C3 /* LaunchScreen.storyboard */,
				63C1F8672345E2A300D533C3 /* Info.plist */,
			);
			path = TestingSwiftLint;
			sourceTree = "<group>";
		};
		63C1F86F2345E2A300D533C3 /* TestingSwiftLintTests */ = {
			isa = PBXGroup;
			children = (
				63C1F8702345E2A300D533C3 /* TestingSwiftLintTests.swift */,
				63C1F8722345E2A300D533C3 /* Info.plist */,
			);
			path = TestingSwiftLintTests;
			sourceTree = "<group>";
		};
		63C1F87A2345E2A300D533C3 /* TestingSwiftLintUITests */ = {
			isa = PBXGroup;
			children = (
				63C1F87B2345E2A300D533C3 /* TestingSwiftLintUITests.swift */,
				63C1F87D2345E2A300D533C3 /* Info.plist */,
			);
			path = TestingSwiftLintUITests;
			sourceTree = "<group>";
		};
		64DDD3133A48D23DA470CE17 /* Frameworks */ = {
			isa = PBXGroup;
			children = (
				5D01527A7BEF1FAC2C00533C /* Pods_TestingSwiftLint.framework */,
				D4FE32FBF5ACF5F01E3935A8 /* Pods_TestingSwiftLintTests.framework */,
				5A2F46F14908688BA71DC67D /* Pods_TestingSwiftLintUITests.framework */,
			);
			name = Frameworks;
			sourceTree = "<group>";
		};
		F2C3CC0459EC41CF8B3C9FC6 /* Pods */ = {
			isa = PBXGroup;
			children = (
				6AA4ECF01712E0E1519B2DC5 /* Pods-TestingSwiftLint.debug.xcconfig */,
				C627FB45A3FF04D2A63A9535 /* Pods-TestingSwiftLint.release.xcconfig */,
				A89469A594A7CAE6103373B1 /* Pods-TestingSwiftLintTests.debug.xcconfig */,
				0458C375BA5DCC448E800DAB /* Pods-TestingSwiftLintTests.release.xcconfig */,
				085409E1FA15D95EEE5EF69E /* Pods-TestingSwiftLintUITests.debug.xcconfig */,
				2B4901AA5AA8F75A2B849847 /* Pods-TestingSwiftLintUITests.release.xcconfig */,
			);
			path = Pods;
			sourceTree = "<group>";
		};
/* End PBXGroup section */

/* Begin PBXNativeTarget section */
		63C1F8552345E2A100D533C3 /* TestingSwiftLint */ = {
			isa = PBXNativeTarget;
			buildConfigurationList = 63C1F8802345E2A300D533C3 /* Build configuration list for PBXNativeTarget "TestingSwiftLint" */;
			buildPhases = (
				BE059B2600C279CA290F3882 /* [CP] Check Pods Manifest.lock */,
				63C1F8522345E2A100D533C3 /* Sources */,
				63C1F8532345E2A100D533C3 /* Frameworks */,
				63C1F8542345E2A100D533C3 /* Resources */,
				63C1F8892345EFC400D533C3 /* SwiftLint */,
			);
			buildRules = (
			);
			dependencies = (
			);
			name = TestingSwiftLint;
			productName = TestingSwiftLint;
			productReference = 63C1F8562345E2A100D533C3 /* TestingSwiftLint.app */;
			productType = "com.apple.product-type.application";
		};
		63C1F86B2345E2A300D533C3 /* TestingSwiftLintTests */ = {
			isa = PBXNativeTarget;
			buildConfigurationList = 63C1F8832345E2A300D533C3 /* Build configuration list for PBXNativeTarget "TestingSwiftLintTests" */;
			buildPhases = (
				A14CD3F3326478F77CAE6713 /* [CP] Check Pods Manifest.lock */,
				63C1F8682345E2A300D533C3 /* Sources */,
				63C1F8692345E2A300D533C3 /* Frameworks */,
				63C1F86A2345E2A300D533C3 /* Resources */,
			);
			buildRules = (
			);
			dependencies = (
				63C1F86E2345E2A300D533C3 /* PBXTargetDependency */,
			);
			name = TestingSwiftLintTests;
			productName = TestingSwiftLintTests;
			productReference = 63C1F86C2345E2A300D533C3 /* TestingSwiftLintTests.xctest */;
			productType = "com.apple.product-type.bundle.unit-test";
		};
		63C1F8762345E2A300D533C3 /* TestingSwiftLintUITests */ = {
			isa = PBXNativeTarget;
			buildConfigurationList = 63C1F8862345E2A300D533C3 /* Build configuration list for PBXNativeTarget "TestingSwiftLintUITests" */;
			buildPhases = (
				D9E3D42A2EFD233DF5DA2DEC /* [CP] Check Pods Manifest.lock */,
				63C1F8732345E2A300D533C3 /* Sources */,
				63C1F8742345E2A300D533C3 /* Frameworks */,
				63C1F8752345E2A300D533C3 /* Resources */,
			);
			buildRules = (
			);
			dependencies = (
				63C1F8792345E2A300D533C3 /* PBXTargetDependency */,
			);
			name = TestingSwiftLintUITests;
			productName = TestingSwiftLintUITests;
			productReference = 63C1F8772345E2A300D533C3 /* TestingSwiftLintUITests.xctest */;
			productType = "com.apple.product-type.bundle.ui-testing";
		};
/* End PBXNativeTarget section */

/* Begin PBXProject section */
		63C1F84E2345E2A100D533C3 /* Project object */ = {
			isa = PBXProject;
			attributes = {
				LastSwiftUpdateCheck = 1100;
				LastUpgradeCheck = 1100;
				ORGANIZATIONNAME = kkday;
				TargetAttributes = {
					63C1F8552345E2A100D533C3 = {
						CreatedOnToolsVersion = 11.0;
					};
					63C1F86B2345E2A300D533C3 = {
						CreatedOnToolsVersion = 11.0;
						TestTargetID = 63C1F8552345E2A100D533C3;
					};
					63C1F8762345E2A300D533C3 = {
						CreatedOnToolsVersion = 11.0;
						TestTargetID = 63C1F8552345E2A100D533C3;
					};
				};
			};
			buildConfigurationList = 63C1F8512345E2A100D533C3 /* Build configuration list for PBXProject "TestingSwiftLint" */;
			compatibilityVersion = "Xcode 9.3";
			developmentRegion = en;
			hasScannedForEncodings = 0;
			knownRegions = (
				en,
				Base,
			);
			mainGroup = 63C1F84D2345E2A100D533C3;
			productRefGroup = 63C1F8572345E2A100D533C3 /* Products */;
			projectDirPath = "";
			projectRoot = "";
			targets = (
				63C1F8552345E2A100D533C3 /* TestingSwiftLint */,
				63C1F86B2345E2A300D533C3 /* TestingSwiftLintTests */,
				63C1F8762345E2A300D533C3 /* TestingSwiftLintUITests */,
			);
		};
/* End PBXProject section */

/* Begin PBXResourcesBuildPhase section */
		63C1F8542345E2A100D533C3 /* Resources */ = {
			isa = PBXResourcesBuildPhase;
			buildActionMask = 2147483647;
			files = (
				63C1F8662345E2A300D533C3 /* LaunchScreen.storyboard in Resources */,
				63C1F8632345E2A300D533C3 /* Assets.xcassets in Resources */,
				63C1F8612345E2A100D533C3 /* Main.storyboard in Resources */,
			);
			runOnlyForDeploymentPostprocessing = 0;
		};
		63C1F86A2345E2A300D533C3 /* Resources */ = {
			isa = PBXResourcesBuildPhase;
			buildActionMask = 2147483647;
			files = (
			);
			runOnlyForDeploymentPostprocessing = 0;
		};
		63C1F8752345E2A300D533C3 /* Resources */ = {
			isa = PBXResourcesBuildPhase;
			buildActionMask = 2147483647;
			files = (
			);
			runOnlyForDeploymentPostprocessing = 0;
		};
/* End PBXResourcesBuildPhase section */

/* Begin PBXShellScriptBuildPhase section */
		63C1F8892345EFC400D533C3 /* SwiftLint */ = {
			isa = PBXShellScriptBuildPhase;
			buildActionMask = 2147483647;
			files = (
			);
			inputFileListPaths = (
			);
			inputPaths = (
			);
			name = SwiftLint;
			outputFileListPaths = (
			);
			outputPaths = (
			);
			runOnlyForDeploymentPostprocessing = 0;
			shellPath = /bin/sh;
			shellScript = "# Type a script or drag a script file from your workspace to insert its path.\nif which swiftlint >/dev/null; then\n  swiftlint\nelse\n  echo \"warning: SwiftLint not installed, download from https://github.com/realm/SwiftLint\"\nfi\n";
		};
		A14CD3F3326478F77CAE6713 /* [CP] Check Pods Manifest.lock */ = {
			isa = PBXShellScriptBuildPhase;
			buildActionMask = 2147483647;
			files = (
			);
			inputFileListPaths = (
			);
			inputPaths = (
				"${PODS_PODFILE_DIR_PATH}/Podfile.lock",
				"${PODS_ROOT}/Manifest.lock",
			);
			name = "[CP] Check Pods Manifest.lock";
			outputFileListPaths = (
			);
			outputPaths = (
				"$(DERIVED_FILE_DIR)/Pods-TestingSwiftLintTests-checkManifestLockResult.txt",
			);
			runOnlyForDeploymentPostprocessing = 0;
			shellPath = /bin/sh;
			shellScript = "diff \"${PODS_PODFILE_DIR_PATH}/Podfile.lock\" \"${PODS_ROOT}/Manifest.lock\" > /dev/null\nif [ $? != 0 ] ; then\n    # print error to STDERR\n    echo \"error: The sandbox is not in sync with the Podfile.lock. Run 'pod install' or update your CocoaPods installation.\" >&2\n    exit 1\nfi\n# This output is used by Xcode 'outputs' to avoid re-running this script phase.\necho \"SUCCESS\" > \"${SCRIPT_OUTPUT_FILE_0}\"\n";
			showEnvVarsInLog = 0;
		};
		BE059B2600C279CA290F3882 /* [CP] Check Pods Manifest.lock */ = {
			isa = PBXShellScriptBuildPhase;
			buildActionMask = 2147483647;
			files = (
			);
			inputFileListPaths = (
			);
			inputPaths = (
				"${PODS_PODFILE_DIR_PATH}/Podfile.lock",
				"${PODS_ROOT}/Manifest.lock",
			);
			name = "[CP] Check Pods Manifest.lock";
			outputFileListPaths = (
			);
			outputPaths = (
				"$(DERIVED_FILE_DIR)/Pods-TestingSwiftLint-checkManifestLockResult.txt",
			);
			runOnlyForDeploymentPostprocessing = 0;
			shellPath = /bin/sh;
			shellScript = "diff \"${PODS_PODFILE_DIR_PATH}/Podfile.lock\" \"${PODS_ROOT}/Manifest.lock\" > /dev/null\nif [ $? != 0 ] ; then\n    # print error to STDERR\n    echo \"error: The sandbox is not in sync with the Podfile.lock. Run 'pod install' or update your CocoaPods installation.\" >&2\n    exit 1\nfi\n# This output is used by Xcode 'outputs' to avoid re-running this script phase.\necho \"SUCCESS\" > \"${SCRIPT_OUTPUT_FILE_0}\"\n";
			showEnvVarsInLog = 0;
		};
		D9E3D42A2EFD233DF5DA2DEC /* [CP] Check Pods Manifest.lock */ = {
			isa = PBXShellScriptBuildPhase;
			buildActionMask = 2147483647;
			files = (
			);
			inputFileListPaths = (
			);
			inputPaths = (
				"${PODS_PODFILE_DIR_PATH}/Podfile.lock",
				"${PODS_ROOT}/Manifest.lock",
			);
			name = "[CP] Check Pods Manifest.lock";
			outputFileListPaths = (
			);
			outputPaths = (
				"$(DERIVED_FILE_DIR)/Pods-TestingSwiftLintUITests-checkManifestLockResult.txt",
			);
			runOnlyForDeploymentPostprocessing = 0;
			shellPath = /bin/sh;
			shellScript = "diff \"${PODS_PODFILE_DIR_PATH}/Podfile.lock\" \"${PODS_ROOT}/Manifest.lock\" > /dev/null\nif [ $? != 0 ] ; then\n    # print error to STDERR\n    echo \"error: The sandbox is not in sync with the Podfile.lock. Run 'pod install' or update your CocoaPods installation.\" >&2\n    exit 1\nfi\n# This output is used by Xcode 'outputs' to avoid re-running this script phase.\necho \"SUCCESS\" > \"${SCRIPT_OUTPUT_FILE_0}\"\n";
			showEnvVarsInLog = 0;
		};
/* End PBXShellScriptBuildPhase section */

/* Begin PBXSourcesBuildPhase section */
		63C1F8522345E2A100D533C3 /* Sources */ = {
			isa = PBXSourcesBuildPhase;
			buildActionMask = 2147483647;
			files = (
				63C1F85E2345E2A100D533C3 /* ViewController.swift in Sources */,
				63C1F85A2345E2A100D533C3 /* AppDelegate.swift in Sources */,
				63C1F85C2345E2A100D533C3 /* SceneDelegate.swift in Sources */,
			);
			runOnlyForDeploymentPostprocessing = 0;
		};
		63C1F8682345E2A300D533C3 /* Sources */ = {
			isa = PBXSourcesBuildPhase;
			buildActionMask = 2147483647;
			files = (
				63C1F8712345E2A300D533C3 /* TestingSwiftLintTests.swift in Sources */,
			);
			runOnlyForDeploymentPostprocessing = 0;
		};
		63C1F8732345E2A300D533C3 /* Sources */ = {
			isa = PBXSourcesBuildPhase;
			buildActionMask = 2147483647;
			files = (
				63C1F87C2345E2A300D533C3 /* TestingSwiftLintUITests.swift in Sources */,
			);
			runOnlyForDeploymentPostprocessing = 0;
		};
/* End PBXSourcesBuildPhase section */

/* Begin PBXTargetDependency section */
		63C1F86E2345E2A300D533C3 /* PBXTargetDependency */ = {
			isa = PBXTargetDependency;
			target = 63C1F8552345E2A100D533C3 /* TestingSwiftLint */;
			targetProxy = 63C1F86D2345E2A300D533C3 /* PBXContainerItemProxy */;
		};
		63C1F8792345E2A300D533C3 /* PBXTargetDependency */ = {
			isa = PBXTargetDependency;
			target = 63C1F8552345E2A100D533C3 /* TestingSwiftLint */;
			targetProxy = 63C1F8782345E2A300D533C3 /* PBXContainerItemProxy */;
		};
/* End PBXTargetDependency section */

/* Begin PBXVariantGroup section */
		63C1F85F2345E2A100D533C3 /* Main.storyboard */ = {
			isa = PBXVariantGroup;
			children = (
				63C1F8602345E2A100D533C3 /* Base */,
			);
			name = Main.storyboard;
			sourceTree = "<group>";
		};
		63C1F8642345E2A300D533C3 /* LaunchScreen.storyboard */ = {
			isa = PBXVariantGroup;
			children = (
				63C1F8652345E2A300D533C3 /* Base */,
			);
			name = LaunchScreen.storyboard;
			sourceTree = "<group>";
		};
/* End PBXVariantGroup section */

/* Begin XCBuildConfiguration section */
		63C1F87E2345E2A300D533C3 /* Debug */ = {
			isa = XCBuildConfiguration;
			buildSettings = {
				ALWAYS_SEARCH_USER_PATHS = NO;
				CLANG_ANALYZER_NONNULL = YES;
				CLANG_ANALYZER_NUMBER_OBJECT_CONVERSION = YES_AGGRESSIVE;
				CLANG_CXX_LANGUAGE_STANDARD = "gnu++14";
				CLANG_CXX_LIBRARY = "libc++";
				CLANG_ENABLE_MODULES = YES;
				CLANG_ENABLE_OBJC_ARC = YES;
				CLANG_ENABLE_OBJC_WEAK = YES;
				CLANG_WARN_BLOCK_CAPTURE_AUTORELEASING = YES;
				CLANG_WARN_BOOL_CONVERSION = YES;
				CLANG_WARN_COMMA = YES;
				CLANG_WARN_CONSTANT_CONVERSION = YES;
				CLANG_WARN_DEPRECATED_OBJC_IMPLEMENTATIONS = YES;
				CLANG_WARN_DIRECT_OBJC_ISA_USAGE = YES_ERROR;
				CLANG_WARN_DOCUMENTATION_COMMENTS = YES;
				CLANG_WARN_EMPTY_BODY = YES;
				CLANG_WARN_ENUM_CONVERSION = YES;
				CLANG_WARN_INFINITE_RECURSION = YES;
				CLANG_WARN_INT_CONVERSION = YES;
				CLANG_WARN_NON_LITERAL_NULL_CONVERSION = YES;
				CLANG_WARN_OBJC_IMPLICIT_RETAIN_SELF = YES;
				CLANG_WARN_OBJC_LITERAL_CONVERSION = YES;
				CLANG_WARN_OBJC_ROOT_CLASS = YES_ERROR;
				CLANG_WARN_RANGE_LOOP_ANALYSIS = YES;
				CLANG_WARN_STRICT_PROTOTYPES = YES;
				CLANG_WARN_SUSPICIOUS_MOVE = YES;
				CLANG_WARN_UNGUARDED_AVAILABILITY = YES_AGGRESSIVE;
				CLANG_WARN_UNREACHABLE_CODE = YES;
				CLANG_WARN__DUPLICATE_METHOD_MATCH = YES;
				COPY_PHASE_STRIP = NO;
				DEBUG_INFORMATION_FORMAT = dwarf;
				ENABLE_STRICT_OBJC_MSGSEND = YES;
				ENABLE_TESTABILITY = YES;
				GCC_C_LANGUAGE_STANDARD = gnu11;
				GCC_DYNAMIC_NO_PIC = NO;
				GCC_NO_COMMON_BLOCKS = YES;
				GCC_OPTIMIZATION_LEVEL = 0;
				GCC_PREPROCESSOR_DEFINITIONS = (
					"DEBUG=1",
					"$(inherited)",
				);
				GCC_WARN_64_TO_32_BIT_CONVERSION = YES;
				GCC_WARN_ABOUT_RETURN_TYPE = YES_ERROR;
				GCC_WARN_UNDECLARED_SELECTOR = YES;
				GCC_WARN_UNINITIALIZED_AUTOS = YES_AGGRESSIVE;
				GCC_WARN_UNUSED_FUNCTION = YES;
				GCC_WARN_UNUSED_VARIABLE = YES;
				IPHONEOS_DEPLOYMENT_TARGET = 13.0;
				MTL_ENABLE_DEBUG_INFO = INCLUDE_SOURCE;
				MTL_FAST_MATH = YES;
				ONLY_ACTIVE_ARCH = YES;
				SDKROOT = iphoneos;
				SWIFT_ACTIVE_COMPILATION_CONDITIONS = DEBUG;
				SWIFT_OPTIMIZATION_LEVEL = "-Onone";
			};
			name = Debug;
		};
		63C1F87F2345E2A300D533C3 /* Release */ = {
			isa = XCBuildConfiguration;
			buildSettings = {
				ALWAYS_SEARCH_USER_PATHS = NO;
				CLANG_ANALYZER_NONNULL = YES;
				CLANG_ANALYZER_NUMBER_OBJECT_CONVERSION = YES_AGGRESSIVE;
				CLANG_CXX_LANGUAGE_STANDARD = "gnu++14";
				CLANG_CXX_LIBRARY = "libc++";
				CLANG_ENABLE_MODULES = YES;
				CLANG_ENABLE_OBJC_ARC = YES;
				CLANG_ENABLE_OBJC_WEAK = YES;
				CLANG_WARN_BLOCK_CAPTURE_AUTORELEASING = YES;
				CLANG_WARN_BOOL_CONVERSION = YES;
				CLANG_WARN_COMMA = YES;
				CLANG_WARN_CONSTANT_CONVERSION = YES;
				CLANG_WARN_DEPRECATED_OBJC_IMPLEMENTATIONS = YES;
				CLANG_WARN_DIRECT_OBJC_ISA_USAGE = YES_ERROR;
				CLANG_WARN_DOCUMENTATION_COMMENTS = YES;
				CLANG_WARN_EMPTY_BODY = YES;
				CLANG_WARN_ENUM_CONVERSION = YES;
				CLANG_WARN_INFINITE_RECURSION = YES;
				CLANG_WARN_INT_CONVERSION = YES;
				CLANG_WARN_NON_LITERAL_NULL_CONVERSION = YES;
				CLANG_WARN_OBJC_IMPLICIT_RETAIN_SELF = YES;
				CLANG_WARN_OBJC_LITERAL_CONVERSION = YES;
				CLANG_WARN_OBJC_ROOT_CLASS = YES_ERROR;
				CLANG_WARN_RANGE_LOOP_ANALYSIS = YES;
				CLANG_WARN_STRICT_PROTOTYPES = YES;
				CLANG_WARN_SUSPICIOUS_MOVE = YES;
				CLANG_WARN_UNGUARDED_AVAILABILITY = YES_AGGRESSIVE;
				CLANG_WARN_UNREACHABLE_CODE = YES;
				CLANG_WARN__DUPLICATE_METHOD_MATCH = YES;
				COPY_PHASE_STRIP = NO;
				DEBUG_INFORMATION_FORMAT = "dwarf-with-dsym";
				ENABLE_NS_ASSERTIONS = NO;
				ENABLE_STRICT_OBJC_MSGSEND = YES;
				GCC_C_LANGUAGE_STANDARD = gnu11;
				GCC_NO_COMMON_BLOCKS = YES;
				GCC_WARN_64_TO_32_BIT_CONVERSION = YES;
				GCC_WARN_ABOUT_RETURN_TYPE = YES_ERROR;
				GCC_WARN_UNDECLARED_SELECTOR = YES;
				GCC_WARN_UNINITIALIZED_AUTOS = YES_AGGRESSIVE;
				GCC_WARN_UNUSED_FUNCTION = YES;
				GCC_WARN_UNUSED_VARIABLE = YES;
				IPHONEOS_DEPLOYMENT_TARGET = 13.0;
				MTL_ENABLE_DEBUG_INFO = NO;
				MTL_FAST_MATH = YES;
				SDKROOT = iphoneos;
				SWIFT_COMPILATION_MODE = wholemodule;
				SWIFT_OPTIMIZATION_LEVEL = "-O";
				VALIDATE_PRODUCT = YES;
			};
			name = Release;
		};
		63C1F8812345E2A300D533C3 /* Debug */ = {
			isa = XCBuildConfiguration;
			baseConfigurationReference = 6AA4ECF01712E0E1519B2DC5 /* Pods-TestingSwiftLint.debug.xcconfig */;
			buildSettings = {
				ASSETCATALOG_COMPILER_APPICON_NAME = AppIcon;
				CODE_SIGN_STYLE = Automatic;
				DEVELOPMENT_TEAM = Q26KHN883C;
				INFOPLIST_FILE = TestingSwiftLint/Info.plist;
				LD_RUNPATH_SEARCH_PATHS = (
					"$(inherited)",
					"@executable_path/Frameworks",
				);
				PRODUCT_BUNDLE_IDENTIFIER = com.kkday.TestingSwiftLint;
				PRODUCT_NAME = "$(TARGET_NAME)";
				SWIFT_VERSION = 5.0;
				TARGETED_DEVICE_FAMILY = "1,2";
			};
			name = Debug;
		};
		63C1F8822345E2A300D533C3 /* Release */ = {
			isa = XCBuildConfiguration;
			baseConfigurationReference = C627FB45A3FF04D2A63A9535 /* Pods-TestingSwiftLint.release.xcconfig */;
			buildSettings = {
				ASSETCATALOG_COMPILER_APPICON_NAME = AppIcon;
				CODE_SIGN_STYLE = Automatic;
				DEVELOPMENT_TEAM = Q26KHN883C;
				INFOPLIST_FILE = TestingSwiftLint/Info.plist;
				LD_RUNPATH_SEARCH_PATHS = (
					"$(inherited)",
					"@executable_path/Frameworks",
				);
				PRODUCT_BUNDLE_IDENTIFIER = com.kkday.TestingSwiftLint;
				PRODUCT_NAME = "$(TARGET_NAME)";
				SWIFT_VERSION = 5.0;
				TARGETED_DEVICE_FAMILY = "1,2";
			};
			name = Release;
		};
		63C1F8842345E2A300D533C3 /* Debug */ = {
			isa = XCBuildConfiguration;
			baseConfigurationReference = A89469A594A7CAE6103373B1 /* Pods-TestingSwiftLintTests.debug.xcconfig */;
			buildSettings = {
				ALWAYS_EMBED_SWIFT_STANDARD_LIBRARIES = YES;
				BUNDLE_LOADER = "$(TEST_HOST)";
				CODE_SIGN_STYLE = Automatic;
				DEVELOPMENT_TEAM = Q26KHN883C;
				INFOPLIST_FILE = TestingSwiftLintTests/Info.plist;
				IPHONEOS_DEPLOYMENT_TARGET = 13.0;
				LD_RUNPATH_SEARCH_PATHS = (
					"$(inherited)",
					"@executable_path/Frameworks",
					"@loader_path/Frameworks",
				);
				PRODUCT_BUNDLE_IDENTIFIER = com.kkday.TestingSwiftLintTests;
				PRODUCT_NAME = "$(TARGET_NAME)";
				SWIFT_VERSION = 5.0;
				TARGETED_DEVICE_FAMILY = "1,2";
				TEST_HOST = "$(BUILT_PRODUCTS_DIR)/TestingSwiftLint.app/TestingSwiftLint";
			};
			name = Debug;
		};
		63C1F8852345E2A300D533C3 /* Release */ = {
			isa = XCBuildConfiguration;
			baseConfigurationReference = 0458C375BA5DCC448E800DAB /* Pods-TestingSwiftLintTests.release.xcconfig */;
			buildSettings = {
				ALWAYS_EMBED_SWIFT_STANDARD_LIBRARIES = YES;
				BUNDLE_LOADER = "$(TEST_HOST)";
				CODE_SIGN_STYLE = Automatic;
				DEVELOPMENT_TEAM = Q26KHN883C;
				INFOPLIST_FILE = TestingSwiftLintTests/Info.plist;
				IPHONEOS_DEPLOYMENT_TARGET = 13.0;
				LD_RUNPATH_SEARCH_PATHS = (
					"$(inherited)",
					"@executable_path/Frameworks",
					"@loader_path/Frameworks",
				);
				PRODUCT_BUNDLE_IDENTIFIER = com.kkday.TestingSwiftLintTests;
				PRODUCT_NAME = "$(TARGET_NAME)";
				SWIFT_VERSION = 5.0;
				TARGETED_DEVICE_FAMILY = "1,2";
				TEST_HOST = "$(BUILT_PRODUCTS_DIR)/TestingSwiftLint.app/TestingSwiftLint";
			};
			name = Release;
		};
		63C1F8872345E2A300D533C3 /* Debug */ = {
			isa = XCBuildConfiguration;
			baseConfigurationReference = 085409E1FA15D95EEE5EF69E /* Pods-TestingSwiftLintUITests.debug.xcconfig */;
			buildSettings = {
				ALWAYS_EMBED_SWIFT_STANDARD_LIBRARIES = YES;
				CODE_SIGN_STYLE = Automatic;
				DEVELOPMENT_TEAM = Q26KHN883C;
				INFOPLIST_FILE = TestingSwiftLintUITests/Info.plist;
				LD_RUNPATH_SEARCH_PATHS = (
					"$(inherited)",
					"@executable_path/Frameworks",
					"@loader_path/Frameworks",
				);
				PRODUCT_BUNDLE_IDENTIFIER = com.kkday.TestingSwiftLintUITests;
				PRODUCT_NAME = "$(TARGET_NAME)";
				SWIFT_VERSION = 5.0;
				TARGETED_DEVICE_FAMILY = "1,2";
				TEST_TARGET_NAME = TestingSwiftLint;
			};
			name = Debug;
		};
		63C1F8882345E2A300D533C3 /* Release */ = {
			isa = XCBuildConfiguration;
			baseConfigurationReference = 2B4901AA5AA8F75A2B849847 /* Pods-TestingSwiftLintUITests.release.xcconfig */;
			buildSettings = {
				ALWAYS_EMBED_SWIFT_STANDARD_LIBRARIES = YES;
				CODE_SIGN_STYLE = Automatic;
				DEVELOPMENT_TEAM = Q26KHN883C;
				INFOPLIST_FILE = TestingSwiftLintUITests/Info.plist;
				LD_RUNPATH_SEARCH_PATHS = (
					"$(inherited)",
					"@executable_path/Frameworks",
					"@loader_path/Frameworks",
				);
				PRODUCT_BUNDLE_IDENTIFIER = com.kkday.TestingSwiftLintUITests;
				PRODUCT_NAME = "$(TARGET_NAME)";
				SWIFT_VERSION = 5.0;
				TARGETED_DEVICE_FAMILY = "1,2";
				TEST_TARGET_NAME = TestingSwiftLint;
			};
			name = Release;
		};
/* End XCBuildConfiguration section */

/* Begin XCConfigurationList section */
		63C1F8512345E2A100D533C3 /* Build configuration list for PBXProject "TestingSwiftLint" */ = {
			isa = XCConfigurationList;
			buildConfigurations = (
				63C1F87E2345E2A300D533C3 /* Debug */,
				63C1F87F2345E2A300D533C3 /* Release */,
			);
			defaultConfigurationIsVisible = 0;
			defaultConfigurationName = Release;
		};
		63C1F8802345E2A300D533C3 /* Build configuration list for PBXNativeTarget "TestingSwiftLint" */ = {
			isa = XCConfigurationList;
			buildConfigurations = (
				63C1F8812345E2A300D533C3 /* Debug */,
				63C1F8822345E2A300D533C3 /* Release */,
			);
			defaultConfigurationIsVisible = 0;
			defaultConfigurationName = Release;
		};
		63C1F8832345E2A300D533C3 /* Build configuration list for PBXNativeTarget "TestingSwiftLintTests" */ = {
			isa = XCConfigurationList;
			buildConfigurations = (
				63C1F8842345E2A300D533C3 /* Debug */,
				63C1F8852345E2A300D533C3 /* Release */,
			);
			defaultConfigurationIsVisible = 0;
			defaultConfigurationName = Release;
		};
		63C1F8862345E2A300D533C3 /* Build configuration list for PBXNativeTarget "TestingSwiftLintUITests" */ = {
			isa = XCConfigurationList;
			buildConfigurations = (
				63C1F8872345E2A300D533C3 /* Debug */,
				63C1F8882345E2A300D533C3 /* Release */,
			);
			defaultConfigurationIsVisible = 0;
			defaultConfigurationName = Release;
		};
/* End XCConfigurationList section */
	};
	rootObject = 63C1F84E2345E2A100D533C3 /* Project object */;
}
